
Microsoft Visual Studio Solution File, Format Version 12.00
# Visual Studio 14
VisualStudioVersion = 14.0.25420.1
MinimumVisualStudioVersion = 10.0.40219.1
Project("{FAE04EC0-301F-11D3-BF4B-00C04F79EFBC}") = "Sample", "Sample\Sample.csproj", "{0D27CC54-55C4-4740-ACB5-B0EF28E3DB18}"
EndProject
Project("{FAE04EC0-301F-11D3-BF4B-00C04F79EFBC}") = "Binding_GuideHelper", "Binding_GuideHelper\Binding_GuideHelper.csproj", "{532C1477-680A-4EE3-9F48-46E9603FAF18}"
EndProject
Global
	GlobalSection(SolutionConfigurationPlatforms) = preSolution
		Debug|Any CPU = Debug|Any CPU
		Release|Any CPU = Release|Any CPU
	EndGlobalSection
	GlobalSection(ProjectConfigurationPlatforms) = postSolution
		{0D27CC54-55C4-4740-ACB5-B0EF28E3DB18}.Debug|Any CPU.ActiveCfg = Debug|Any CPU
		{0D27CC54-55C4-4740-ACB5-B0EF28E3DB18}.Debug|Any CPU.Build.0 = Debug|Any CPU
		{0D27CC54-55C4-4740-ACB5-B0EF28E3DB18}.Debug|Any CPU.Deploy.0 = Debug|Any CPU
		{0D27CC54-55C4-4740-ACB5-B0EF28E3DB18}.Release|Any CPU.ActiveCfg = Release|Any CPU
		{0D27CC54-55C4-4740-ACB5-B0EF28E3DB18}.Release|Any CPU.Build.0 = Release|Any CPU
		{0D27CC54-55C4-4740-ACB5-B0EF28E3DB18}.Release|Any CPU.Deploy.0 = Release|Any CPU
		{532C1477-680A-4EE3-9F48-46E9603FAF18}.Debug|Any CPU.ActiveCfg = Debug|Any CPU
		{532C1477-680A-4EE3-9F48-46E9603FAF18}.Debug|Any CPU.Build.0 = Debug|Any CPU
		{532C1477-680A-4EE3-9F48-46E9603FAF18}.Release|Any CPU.ActiveCfg = Release|Any CPU
		{532C1477-680A-4EE3-9F48-46E9603FAF18}.Release|Any CPU.Build.0 = Release|Any CPU
	EndGlobalSection
	GlobalSection(SolutionProperties) = preSolution
		HideSolutionNode = FALSE
	EndGlobalSection
EndGlobal
